Microsoft Visual Studio Solution File, Format Version 12.00
# Visual Studio Version 17
VisualStudioVersion = 17.5.2.0
MinimumVisualStudioVersion = 10.0.40219.1
Project("{2150E333-8FDC-42A3-9474-1A3956D46DE8}") = "Programa console que recebe parametros e os devolve em dobro em C#", "Programa console que recebe parametros e os devolve em dobro em C#", "{3EE30EC8-01D1-AD67-8D1D-0C6EBDBA4ABD}"
EndProject
Project("{FAE04EC0-301F-11D3-BF4B-00C04F79EFBC}") = "CliParametros", "Programa console que recebe parametros e os devolve em dobro em C#\CliParametros\CliParametros.csproj", "{36B7E9F5-2C51-1958-461B-DF53F3580CD6}"
EndProject
Global
	GlobalSection(SolutionConfigurationPlatforms) = preSolution
		Debug|Any CPU = Debug|Any CPU
		Release|Any CPU = Release|Any CPU
	EndGlobalSection
	GlobalSection(ProjectConfigurationPlatforms) = postSolution
		{36B7E9F5-2C51-1958-461B-DF53F3580CD6}.Debug|Any CPU.ActiveCfg = Debug|Any CPU
		{36B7E9F5-2C51-1958-461B-DF53F3580CD6}.Debug|Any CPU.Build.0 = Debug|Any CPU
		{36B7E9F5-2C51-1958-461B-DF53F3580CD6}.Release|Any CPU.ActiveCfg = Release|Any CPU
		{36B7E9F5-2C51-1958-461B-DF53F3580CD6}.Release|Any CPU.Build.0 = Release|Any CPU
	EndGlobalSection
	GlobalSection(SolutionProperties) = preSolution
		HideSolutionNode = FALSE
	EndGlobalSection
	GlobalSection(NestedProjects) = preSolution
		{36B7E9F5-2C51-1958-461B-DF53F3580CD6} = {3EE30EC8-01D1-AD67-8D1D-0C6EBDBA4ABD}
	EndGlobalSection
	GlobalSection(ExtensibilityGlobals) = postSolution
		SolutionGuid = {4A9B44EE-F975-4736-BB99-195782FD9291}
	EndGlobalSection
EndGlobal
